{
  "name": "user-context-hybrid-retrieval-orama-poc",
  "version": "0.1.0",
  "lockfileVersion": 3,
  "requires": true,
  "packages": {
    "": {
      "name": "user-context-hybrid-retrieval-orama-poc",
      "version": "0.1.0",
      "dependencies": {
        "@orama/orama": "^3.1.18"
      },
      "engines": {
        "node": ">=20.19.0"
      }
    },
    "node_modules/@orama/orama": {
      "version": "3.1.18",
      "resolved": "https://registry.npmjs.org/@orama/orama/-/orama-3.1.18.tgz",
      "integrity": "sha512-a61ljmRVVyG5MC/698C8/FfFDw5a8LOIvyOLW5fztgUXqUpc1jOfQzOitSCbge657OgXXThmY3Tk8fpiDb4UcA==",
      "license": "Apache-2.0",
      "engines": {
        "node": ">= 20.0.0"
      }
    }
  }
}
